
Microsoft Visual Studio Solution File, Format Version 12.00
# Visual Studio 2015
Project("{FAE04EC0-301F-11D3-BF4B-00C04F79EFBC}") = "Assembly-CSharp", "Assembly-CSharp.csproj", "{D9033701-1838-7D07-6329-D47E425B9750}"
EndProject
Project("{FAE04EC0-301F-11D3-BF4B-00C04F79EFBC}") = "Assembly-CSharp-Editor", "Assembly-CSharp-Editor.csproj", "{FCEFC066-EC42-5618-AE72-F44458D4F6C1}"
EndProject
Global
	GlobalSection(SolutionConfigurationPlatforms) = preSolution
		Debug|Any CPU = Debug|Any CPU
		Release|Any CPU = Release|Any CPU
	EndGlobalSection
	GlobalSection(ProjectConfigurationPlatforms) = postSolution
		{D9033701-1838-7D07-6329-D47E425B9750}.Debug|Any CPU.ActiveCfg = Debug|Any CPU
		{D9033701-1838-7D07-6329-D47E425B9750}.Debug|Any CPU.Build.0 = Debug|Any CPU
		{D9033701-1838-7D07-6329-D47E425B9750}.Release|Any CPU.ActiveCfg = Release|Any CPU
		{D9033701-1838-7D07-6329-D47E425B9750}.Release|Any CPU.Build.0 = Release|Any CPU
		{FCEFC066-EC42-5618-AE72-F44458D4F6C1}.Debug|Any CPU.ActiveCfg = Debug|Any CPU
		{FCEFC066-EC42-5618-AE72-F44458D4F6C1}.Debug|Any CPU.Build.0 = Debug|Any CPU
		{FCEFC066-EC42-5618-AE72-F44458D4F6C1}.Release|Any CPU.ActiveCfg = Release|Any CPU
		{FCEFC066-EC42-5618-AE72-F44458D4F6C1}.Release|Any CPU.Build.0 = Release|Any CPU
	EndGlobalSection
	GlobalSection(SolutionProperties) = preSolution
		HideSolutionNode = FALSE
	EndGlobalSection
EndGlobal
